
Microsoft Visual Studio Solution File, Format Version 12.00
# Visual Studio 15
VisualStudioVersion = 15.0.26730.15
MinimumVisualStudioVersion = 10.0.40219.1
Project("{FAE04EC0-301F-11D3-BF4B-00C04F79EFBC}") = "iDental", "iDental\iDental.csproj", "{39C1472A-80E2-4097-BD73-CF9BF6608D1C}"
EndProject
Global
	GlobalSection(SolutionConfigurationPlatforms) = preSolution
		Debug|Any CPU = Debug|Any CPU
		Release|Any CPU = Release|Any CPU
	EndGlobalSection
	GlobalSection(ProjectConfigurationPlatforms) = postSolution
		{39C1472A-80E2-4097-BD73-CF9BF6608D1C}.Debug|Any CPU.ActiveCfg = Debug|Any CPU
		{39C1472A-80E2-4097-BD73-CF9BF6608D1C}.Debug|Any CPU.Build.0 = Debug|Any CPU
		{39C1472A-80E2-4097-BD73-CF9BF6608D1C}.Release|Any CPU.ActiveCfg = Release|Any CPU
		{39C1472A-80E2-4097-BD73-CF9BF6608D1C}.Release|Any CPU.Build.0 = Release|Any CPU
	EndGlobalSection
	GlobalSection(SolutionProperties) = preSolution
		HideSolutionNode = FALSE
	EndGlobalSection
	GlobalSection(ExtensibilityGlobals) = postSolution
		SolutionGuid = {7D5D7764-99DB-4533-B236-5183E471AEFF}
	EndGlobalSection
EndGlobal
